// !$*UTF8*$!
{
	archiveVersion = 1;
	classes = {
	};
	objectVersion = 50;
	objects = {

/* Begin PBXBuildFile section */
		F051E68226263CD6004FE18A /* AppDelegate.swift in Sources */ = {isa = PBXBuildFile; fileRef = F051E68126263CD6004FE18A /* AppDelegate.swift */; };
		F051E68426263CD6004FE18A /* SceneDelegate.swift in Sources */ = {isa = PBXBuildFile; fileRef = F051E68326263CD6004FE18A /* SceneDelegate.swift */; };
		F051E68626263CD6004FE18A /* ViewController.swift in Sources */ = {isa = PBXBuildFile; fileRef = F051E68526263CD6004FE18A /* ViewController.swift */; };
		F051E68926263CD6004FE18A /* Main.storyboard in Resources */ = {isa = PBXBuildFile; fileRef = F051E68726263CD6004FE18A /* Main.storyboard */; };
		F051E68B26263CD7004FE18A /* Assets.xcassets in Resources */ = {isa = PBXBuildFile; fileRef = F051E68A26263CD7004FE18A /* Assets.xcassets */; };
		F051E68E26263CD7004FE18A /* LaunchScreen.storyboard in Resources */ = {isa = PBXBuildFile; fileRef = F051E68C26263CD7004FE18A /* LaunchScreen.storyboard */; };
		F051E69926263CD7004FE18A /* I_Am_PoorTests.swift in Sources */ = {isa = PBXBuildFile; fileRef = F051E69826263CD7004FE18A /* I_Am_PoorTests.swift */; };
		F051E6A426263CD7004FE18A /* I_Am_PoorUITests.swift in Sources */ = {isa = PBXBuildFile; fileRef = F051E6A326263CD7004FE18A /* I_Am_PoorUITests.swift */; };
/* End PBXBuildFile section */

/* Begin PBXContainerItemProxy section */
		F051E69526263CD7004FE18A /* PBXContainerItemProxy */ = {
			isa = PBXContainerItemProxy;
			containerPortal = F051E67626263CD6004FE18A /* Project object */;
			proxyType = 1;
			remoteGlobalIDString = F051E67D26263CD6004FE18A;
			remoteInfo = "I Am Poor";
		};
		F051E6A026263CD7004FE18A /* PBXContainerItemProxy */ = {
			isa = PBXContainerItemProxy;
			containerPortal = F051E67626263CD6004FE18A /* Project object */;
			proxyType = 1;
			remoteGlobalIDString = F051E67D26263CD6004FE18A;
			remoteInfo = "I Am Poor";
		};
/* End PBXContainerItemProxy section */

/* Begin PBXFileReference section */
		F051E67E26263CD6004FE18A /* I Am Poor.app */ = {isa = PBXFileReference; explicitFileType = wrapper.application; includeInIndex = 0; path = "I Am Poor.app"; sourceTree = BUILT_PRODUCTS_DIR; };
		F051E68126263CD6004FE18A /* AppDelegate.swift */ = {isa = PBXFileReference; lastKnownFileType = sourcecode.swift; path = AppDelegate.swift; sourceTree = "<group>"; };
		F051E68326263CD6004FE18A /* SceneDelegate.swift */ = {isa = PBXFileReference; lastKnownFileType = sourcecode.swift; path = SceneDelegate.swift; sourceTree = "<group>"; };
		F051E68526263CD6004FE18A /* ViewController.swift */ = {isa = PBXFileReference; lastKnownFileType = sourcecode.swift; path = ViewController.swift; sourceTree = "<group>"; };
		F051E68826263CD6004FE18A /* Base */ = {isa = PBXFileReference; lastKnownFileType = file.storyboard; name = Base; path = Base.lproj/Main.storyboard; sourceTree = "<group>"; };
		F051E68A26263CD7004FE18A /* Assets.xcassets */ = {isa = PBXFileReference; lastKnownFileType = folder.assetcatalog; path = Assets.xcassets; sourceTree = "<group>"; };
		F051E68D26263CD7004FE18A /* Base */ = {isa = PBXFileReference; lastKnownFileType = file.storyboard; name = Base; path = Base.lproj/LaunchScreen.storyboard; sourceTree = "<group>"; };
		F051E68F26263CD7004FE18A /* Info.plist */ = {isa = PBXFileReference; lastKnownFileType = text.plist.xml; path = Info.plist; sourceTree = "<group>"; };
		F051E69426263CD7004FE18A /* I Am PoorTests.xctest */ = {isa = PBXFileReference; explicitFileType = wrapper.cfbundle; includeInIndex = 0; path = "I Am PoorTests.xctest"; sourceTree = BUILT_PRODUCTS_DIR; };
		F051E69826263CD7004FE18A /* I_Am_PoorTests.swift */ = {isa = PBXFileReference; lastKnownFileType = sourcecode.swift; path = I_Am_PoorTests.swift; sourceTree = "<group>"; };
		F051E69A26263CD7004FE18A /* Info.plist */ = {isa = PBXFileReference; lastKnownFileType = text.plist.xml; path = Info.plist; sourceTree = "<group>"; };
		F051E69F26263CD7004FE18A /* I Am PoorUITests.xctest */ = {isa = PBXFileReference; explicitFileType = wrapper.cfbundle; includeInIndex = 0; path = "I Am PoorUITests.xctest"; sourceTree = BUILT_PRODUCTS_DIR; };
		F051E6A326263CD7004FE18A /* I_Am_PoorUITests.swift */ = {isa = PBXFileReference; lastKnownFileType = sourcecode.swift; path = I_Am_PoorUITests.swift; sourceTree = "<group>"; };
		F051E6A526263CD7004FE18A /* Info.plist */ = {isa = PBXFileReference; lastKnownFileType = text.plist.xml; path = Info.plist; sourceTree = "<group>"; };
/* End PBXFileReference section */

/* Begin PBXFrameworksBuildPhase section */
		F051E67B26263CD6004FE18A /* Frameworks */ = {
			isa = PBXFrameworksBuildPhase;
			buildActionMask = 2147483647;
			files = (
			);
			runOnlyForDeploymentPostprocessing = 0;
		};
		F051E69126263CD7004FE18A /* Frameworks */ = {
			isa = PBXFrameworksBuildPhase;
			buildActionMask = 2147483647;
			files = (
			);
			runOnlyForDeploymentPostprocessing = 0;
		};
		F051E69C26263CD7004FE18A /* Frameworks */ = {
			isa = PBXFrameworksBuildPhase;
			buildActionMask = 2147483647;
			files = (
			);
			runOnlyForDeploymentPostprocessing = 0;
		};
/* End PBXFrameworksBuildPhase section */

/* Begin PBXGroup section */
		F051E67526263CD6004FE18A = {
			isa = PBXGroup;
			children = (
				F051E68026263CD6004FE18A /* I Am Poor */,
				F051E69726263CD7004FE18A /* I Am PoorTests */,
				F051E6A226263CD7004FE18A /* I Am PoorUITests */,
				F051E67F26263CD6004FE18A /* Products */,
			);
			sourceTree = "<group>";
		};
		F051E67F26263CD6004FE18A /* Products */ = {
			isa = PBXGroup;
			children = (
				F051E67E26263CD6004FE18A /* I Am Poor.app */,
				F051E69426263CD7004FE18A /* I Am PoorTests.xctest */,
				F051E69F26263CD7004FE18A /* I Am PoorUITests.xctest */,
			);
			name = Products;
			sourceTree = "<group>";
		};
		F051E68026263CD6004FE18A /* I Am Poor */ = {
			isa = PBXGroup;
			children = (
				F051E68126263CD6004FE18A /* AppDelegate.swift */,
				F051E68326263CD6004FE18A /* SceneDelegate.swift */,
				F051E68526263CD6004FE18A /* ViewController.swift */,
				F051E68726263CD6004FE18A /* Main.storyboard */,
				F051E68A26263CD7004FE18A /* Assets.xcassets */,
				F051E68C26263CD7004FE18A /* LaunchScreen.storyboard */,
				F051E68F26263CD7004FE18A /* Info.plist */,
			);
			path = "I Am Poor";
			sourceTree = "<group>";
		};
		F051E69726263CD7004FE18A /* I Am PoorTests */ = {
			isa = PBXGroup;
			children = (
				F051E69826263CD7004FE18A /* I_Am_PoorTests.swift */,
				F051E69A26263CD7004FE18A /* Info.plist */,
			);
			path = "I Am PoorTests";
			sourceTree = "<group>";
		};
		F051E6A226263CD7004FE18A /* I Am PoorUITests */ = {
			isa = PBXGroup;
			children = (
				F051E6A326263CD7004FE18A /* I_Am_PoorUITests.swift */,
				F051E6A526263CD7004FE18A /* Info.plist */,
			);
			path = "I Am PoorUITests";
			sourceTree = "<group>";
		};
/* End PBXGroup section */

/* Begin PBXNativeTarget section */
		F051E67D26263CD6004FE18A /* I Am Poor */ = {
			isa = PBXNativeTarget;
			buildConfigurationList = F051E6A826263CD7004FE18A /* Build configuration list for PBXNativeTarget "I Am Poor" */;
			buildPhases = (
				F051E67A26263CD6004FE18A /* Sources */,
				F051E67B26263CD6004FE18A /* Frameworks */,
				F051E67C26263CD6004FE18A /* Resources */,
			);
			buildRules = (
			);
			dependencies = (
			);
			name = "I Am Poor";
			productName = "I Am Poor";
			productReference = F051E67E26263CD6004FE18A /* I Am Poor.app */;
			productType = "com.apple.product-type.application";
		};
		F051E69326263CD7004FE18A /* I Am PoorTests */ = {
			isa = PBXNativeTarget;
			buildConfigurationList = F051E6AB26263CD7004FE18A /* Build configuration list for PBXNativeTarget "I Am PoorTests" */;
			buildPhases = (
				F051E69026263CD7004FE18A /* Sources */,
				F051E69126263CD7004FE18A /* Frameworks */,
				F051E69226263CD7004FE18A /* Resources */,
			);
			buildRules = (
			);
			dependencies = (
				F051E69626263CD7004FE18A /* PBXTargetDependency */,
			);
			name = "I Am PoorTests";
			productName = "I Am PoorTests";
			productReference = F051E69426263CD7004FE18A /* I Am PoorTests.xctest */;
			productType = "com.apple.product-type.bundle.unit-test";
		};
		F051E69E26263CD7004FE18A /* I Am PoorUITests */ = {
			isa = PBXNativeTarget;
			buildConfigurationList = F051E6AE26263CD7004FE18A /* Build configuration list for PBXNativeTarget "I Am PoorUITests" */;
			buildPhases = (
				F051E69B26263CD7004FE18A /* Sources */,
				F051E69C26263CD7004FE18A /* Frameworks */,
				F051E69D26263CD7004FE18A /* Resources */,
			);
			buildRules = (
			);
			dependencies = (
				F051E6A126263CD7004FE18A /* PBXTargetDependency */,
			);
			name = "I Am PoorUITests";
			productName = "I Am PoorUITests";
			productReference = F051E69F26263CD7004FE18A /* I Am PoorUITests.xctest */;
			productType = "com.apple.product-type.bundle.ui-testing";
		};
/* End PBXNativeTarget section */

/* Begin PBXProject section */
		F051E67626263CD6004FE18A /* Project object */ = {
			isa = PBXProject;
			attributes = {
				LastSwiftUpdateCheck = 1240;
				LastUpgradeCheck = 1240;
				TargetAttributes = {
					F051E67D26263CD6004FE18A = {
						CreatedOnToolsVersion = 12.4;
					};
					F051E69326263CD7004FE18A = {
						CreatedOnToolsVersion = 12.4;
						TestTargetID = F051E67D26263CD6004FE18A;
					};
					F051E69E26263CD7004FE18A = {
						CreatedOnToolsVersion = 12.4;
						TestTargetID = F051E67D26263CD6004FE18A;
					};
				};
			};
			buildConfigurationList = F051E67926263CD6004FE18A /* Build configuration list for PBXProject "I Am Poor" */;
			compatibilityVersion = "Xcode 9.3";
			developmentRegion = en;
			hasScannedForEncodings = 0;
			knownRegions = (
				en,
				Base,
			);
			mainGroup = F051E67526263CD6004FE18A;
			productRefGroup = F051E67F26263CD6004FE18A /* Products */;
			projectDirPath = "";
			projectRoot = "";
			targets = (
				F051E67D26263CD6004FE18A /* I Am Poor */,
				F051E69326263CD7004FE18A /* I Am PoorTests */,
				F051E69E26263CD7004FE18A /* I Am PoorUITests */,
			);
		};
/* End PBXProject section */

/* Begin PBXResourcesBuildPhase section */
		F051E67C26263CD6004FE18A /* Resources */ = {
			isa = PBXResourcesBuildPhase;
			buildActionMask = 2147483647;
			files = (
				F051E68E26263CD7004FE18A /* LaunchScreen.storyboard in Resources */,
				F051E68B26263CD7004FE18A /* Assets.xcassets in Resources */,
				F051E68926263CD6004FE18A /* Main.storyboard in Resources */,
			);
			runOnlyForDeploymentPostprocessing = 0;
		};
		F051E69226263CD7004FE18A /* Resources */ = {
			isa = PBXResourcesBuildPhase;
			buildActionMask = 2147483647;
			files = (
			);
			runOnlyForDeploymentPostprocessing = 0;
		};
		F051E69D26263CD7004FE18A /* Resources */ = {
			isa = PBXResourcesBuildPhase;
			buildActionMask = 2147483647;
			files = (
			);
			runOnlyForDeploymentPostprocessing = 0;
		};
/* End PBXResourcesBuildPhase section */

/* Begin PBXSourcesBuildPhase section */
		F051E67A26263CD6004FE18A /* Sources */ = {
			isa = PBXSourcesBuildPhase;
			buildActionMask = 2147483647;
			files = (
				F051E68626263CD6004FE18A /* ViewController.swift in Sources */,
				F051E68226263CD6004FE18A /* AppDelegate.swift in Sources */,
				F051E68426263CD6004FE18A /* SceneDelegate.swift in Sources */,
			);
			runOnlyForDeploymentPostprocessing = 0;
		};
		F051E69026263CD7004FE18A /* Sources */ = {
			isa = PBXSourcesBuildPhase;
			buildActionMask = 2147483647;
			files = (
				F051E69926263CD7004FE18A /* I_Am_PoorTests.swift in Sources */,
			);
			runOnlyForDeploymentPostprocessing = 0;
		};
		F051E69B26263CD7004FE18A /* Sources */ = {
			isa = PBXSourcesBuildPhase;
			buildActionMask = 2147483647;
			files = (
				F051E6A426263CD7004FE18A /* I_Am_PoorUITests.swift in Sources */,
			);
			runOnlyForDeploymentPostprocessing = 0;
		};
/* End PBXSourcesBuildPhase section */

/* Begin PBXTargetDependency section */
		F051E69626263CD7004FE18A /* PBXTargetDependency */ = {
			isa = PBXTargetDependency;
			target = F051E67D26263CD6004FE18A /* I Am Poor */;
			targetProxy = F051E69526263CD7004FE18A /* PBXContainerItemProxy */;
		};
		F051E6A126263CD7004FE18A /* PBXTargetDependency */ = {
			isa = PBXTargetDependency;
			target = F051E67D26263CD6004FE18A /* I Am Poor */;
			targetProxy = F051E6A026263CD7004FE18A /* PBXContainerItemProxy */;
		};
/* End PBXTargetDependency section */

/* Begin PBXVariantGroup section */
		F051E68726263CD6004FE18A /* Main.storyboard */ = {
			isa = PBXVariantGroup;
			children = (
				F051E68826263CD6004FE18A /* Base */,
			);
			name = Main.storyboard;
			sourceTree = "<group>";
		};
		F051E68C26263CD7004FE18A /* LaunchScreen.storyboard */ = {
			isa = PBXVariantGroup;
			children = (
				F051E68D26263CD7004FE18A /* Base */,
			);
			name = LaunchScreen.storyboard;
			sourceTree = "<group>";
		};
/* End PBXVariantGroup section */

/* Begin XCBuildConfiguration section */
		F051E6A626263CD7004FE18A /* Debug */ = {
			isa = XCBuildConfiguration;
			buildSettings = {
				ALWAYS_SEARCH_USER_PATHS = NO;
				CLANG_ANALYZER_NONNULL = YES;
				CLANG_ANALYZER_NUMBER_OBJECT_CONVERSION = YES_AGGRESSIVE;
				CLANG_CXX_LANGUAGE_STANDARD = "gnu++14";
				CLANG_CXX_LIBRARY = "libc++";
				CLANG_ENABLE_MODULES = YES;
				CLANG_ENABLE_OBJC_ARC = YES;
				CLANG_ENABLE_OBJC_WEAK = YES;
				CLANG_WARN_BLOCK_CAPTURE_AUTORELEASING = YES;
				CLANG_WARN_BOOL_CONVERSION = YES;
				CLANG_WARN_COMMA = YES;
				CLANG_WARN_CONSTANT_CONVERSION = YES;
				CLANG_WARN_DEPRECATED_OBJC_IMPLEMENTATIONS = YES;
				CLANG_WARN_DIRECT_OBJC_ISA_USAGE = YES_ERROR;
				CLANG_WARN_DOCUMENTATION_COMMENTS = YES;
				CLANG_WARN_EMPTY_BODY = YES;
				CLANG_WARN_ENUM_CONVERSION = YES;
				CLANG_WARN_INFINITE_RECURSION = YES;
				CLANG_WARN_INT_CONVERSION = YES;
				CLANG_WARN_NON_LITERAL_NULL_CONVERSION = YES;
				CLANG_WARN_OBJC_IMPLICIT_RETAIN_SELF = YES;
				CLANG_WARN_OBJC_LITERAL_CONVERSION = YES;
				CLANG_WARN_OBJC_ROOT_CLASS = YES_ERROR;
				CLANG_WARN_QUOTED_INCLUDE_IN_FRAMEWORK_HEADER = YES;
				CLANG_WARN_RANGE_LOOP_ANALYSIS = YES;
				CLANG_WARN_STRICT_PROTOTYPES = YES;
				CLANG_WARN_SUSPICIOUS_MOVE = YES;
				CLANG_WARN_UNGUARDED_AVAILABILITY = YES_AGGRESSIVE;
				CLANG_WARN_UNREACHABLE_CODE = YES;
				CLANG_WARN__DUPLICATE_METHOD_MATCH = YES;
				COPY_PHASE_STRIP = NO;
				DEBUG_INFORMATION_FORMAT = dwarf;
				ENABLE_STRICT_OBJC_MSGSEND = YES;
				ENABLE_TESTABILITY = YES;
				GCC_C_LANGUAGE_STANDARD = gnu11;
				GCC_DYNAMIC_NO_PIC = NO;
				GCC_NO_COMMON_BLOCKS = YES;
				GCC_OPTIMIZATION_LEVEL = 0;
				GCC_PREPROCESSOR_DEFINITIONS = (
					"DEBUG=1",
					"$(inherited)",
				);
				GCC_WARN_64_TO_32_BIT_CONVERSION = YES;
				GCC_WARN_ABOUT_RETURN_TYPE = YES_ERROR;
				GCC_WARN_UNDECLARED_SELECTOR = YES;
				GCC_WARN_UNINITIALIZED_AUTOS = YES_AGGRESSIVE;
				GCC_WARN_UNUSED_FUNCTION = YES;
				GCC_WARN_UNUSED_VARIABLE = YES;
				IPHONEOS_DEPLOYMENT_TARGET = 14.4;
				MTL_ENABLE_DEBUG_INFO = INCLUDE_SOURCE;
				MTL_FAST_MATH = YES;
				ONLY_ACTIVE_ARCH = YES;
				SDKROOT = iphoneos;
				SWIFT_ACTIVE_COMPILATION_CONDITIONS = DEBUG;
				SWIFT_OPTIMIZATION_LEVEL = "-Onone";
			};
			name = Debug;
		};
		F051E6A726263CD7004FE18A /* Release */ = {
			isa = XCBuildConfiguration;
			buildSettings = {
				ALWAYS_SEARCH_USER_PATHS = NO;
				CLANG_ANALYZER_NONNULL = YES;
				CLANG_ANALYZER_NUMBER_OBJECT_CONVERSION = YES_AGGRESSIVE;
				CLANG_CXX_LANGUAGE_STANDARD = "gnu++14";
				CLANG_CXX_LIBRARY = "libc++";
				CLANG_ENABLE_MODULES = YES;
				CLANG_ENABLE_OBJC_ARC = YES;
				CLANG_ENABLE_OBJC_WEAK = YES;
				CLANG_WARN_BLOCK_CAPTURE_AUTORELEASING = YES;
				CLANG_WARN_BOOL_CONVERSION = YES;
				CLANG_WARN_COMMA = YES;
				CLANG_WARN_CONSTANT_CONVERSION = YES;
				CLANG_WARN_DEPRECATED_OBJC_IMPLEMENTATIONS = YES;
				CLANG_WARN_DIRECT_OBJC_ISA_USAGE = YES_ERROR;
				CLANG_WARN_DOCUMENTATION_COMMENTS = YES;
				CLANG_WARN_EMPTY_BODY = YES;
				CLANG_WARN_ENUM_CONVERSION = YES;
				CLANG_WARN_INFINITE_RECURSION = YES;
				CLANG_WARN_INT_CONVERSION = YES;
				CLANG_WARN_NON_LITERAL_NULL_CONVERSION = YES;
				CLANG_WARN_OBJC_IMPLICIT_RETAIN_SELF = YES;
				CLANG_WARN_OBJC_LITERAL_CONVERSION = YES;
				CLANG_WARN_OBJC_ROOT_CLASS = YES_ERROR;
				CLANG_WARN_QUOTED_INCLUDE_IN_FRAMEWORK_HEADER = YES;
				CLANG_WARN_RANGE_LOOP_ANALYSIS = YES;
				CLANG_WARN_STRICT_PROTOTYPES = YES;
				CLANG_WARN_SUSPICIOUS_MOVE = YES;
				CLANG_WARN_UNGUARDED_AVAILABILITY = YES_AGGRESSIVE;
				CLANG_WARN_UNREACHABLE_CODE = YES;
				CLANG_WARN__DUPLICATE_METHOD_MATCH = YES;
				COPY_PHASE_STRIP = NO;
				DEBUG_INFORMATION_FORMAT = "dwarf-with-dsym";
				ENABLE_NS_ASSERTIONS = NO;
				ENABLE_STRICT_OBJC_MSGSEND = YES;
				GCC_C_LANGUAGE_STANDARD = gnu11;
				GCC_NO_COMMON_BLOCKS = YES;
				GCC_WARN_64_TO_32_BIT_CONVERSION = YES;
				GCC_WARN_ABOUT_RETURN_TYPE = YES_ERROR;
				GCC_WARN_UNDECLARED_SELECTOR = YES;
				GCC_WARN_UNINITIALIZED_AUTOS = YES_AGGRESSIVE;
				GCC_WARN_UNUSED_FUNCTION = YES;
				GCC_WARN_UNUSED_VARIABLE = YES;
				IPHONEOS_DEPLOYMENT_TARGET = 14.4;
				MTL_ENABLE_DEBUG_INFO = NO;
				MTL_FAST_MATH = YES;
				SDKROOT = iphoneos;
				SWIFT_COMPILATION_MODE = wholemodule;
				SWIFT_OPTIMIZATION_LEVEL = "-O";
				VALIDATE_PRODUCT = YES;
			};
			name = Release;
		};
		F051E6A926263CD7004FE18A /* Debug */ = {
			isa = XCBuildConfiguration;
			buildSettings = {
				ASSETCATALOG_COMPILER_APPICON_NAME = AppIcon;
				ASSETCATALOG_COMPILER_GLOBAL_ACCENT_COLOR_NAME = AccentColor;
				CODE_SIGN_STYLE = Automatic;
				INFOPLIST_FILE = "I Am Poor/Info.plist";
				LD_RUNPATH_SEARCH_PATHS = (
					"$(inherited)",
					"@executable_path/Frameworks",
				);
				PRODUCT_BUNDLE_IDENTIFIER = "com.amer.I-Am-Poor";
				PRODUCT_NAME = "$(TARGET_NAME)";
				SWIFT_VERSION = 5.0;
				TARGETED_DEVICE_FAMILY = "1,2";
			};
			name = Debug;
		};
		F051E6AA26263CD7004FE18A /* Release */ = {
			isa = XCBuildConfiguration;
			buildSettings = {
				ASSETCATALOG_COMPILER_APPICON_NAME = AppIcon;
				ASSETCATALOG_COMPILER_GLOBAL_ACCENT_COLOR_NAME = AccentColor;
				CODE_SIGN_STYLE = Automatic;
				INFOPLIST_FILE = "I Am Poor/Info.plist";
				LD_RUNPATH_SEARCH_PATHS = (
					"$(inherited)",
					"@executable_path/Frameworks",
				);
				PRODUCT_BUNDLE_IDENTIFIER = "com.amer.I-Am-Poor";
				PRODUCT_NAME = "$(TARGET_NAME)";
				SWIFT_VERSION = 5.0;
				TARGETED_DEVICE_FAMILY = "1,2";
			};
			name = Release;
		};
		F051E6AC26263CD7004FE18A /* Debug */ = {
			isa = XCBuildConfiguration;
			buildSettings = {
				ALWAYS_EMBED_SWIFT_STANDARD_LIBRARIES = YES;
				BUNDLE_LOADER = "$(TEST_HOST)";
				CODE_SIGN_STYLE = Automatic;
				INFOPLIST_FILE = "I Am PoorTests/Info.plist";
				IPHONEOS_DEPLOYMENT_TARGET = 14.4;
				LD_RUNPATH_SEARCH_PATHS = (
					"$(inherited)",
					"@executable_path/Frameworks",
					"@loader_path/Frameworks",
				);
				PRODUCT_BUNDLE_IDENTIFIER = "com.amer.I-Am-PoorTests";
				PRODUCT_NAME = "$(TARGET_NAME)";
				SWIFT_VERSION = 5.0;
				TARGETED_DEVICE_FAMILY = "1,2";
				TEST_HOST = "$(BUILT_PRODUCTS_DIR)/I Am Poor.app/I Am Poor";
			};
			name = Debug;
		};
		F051E6AD26263CD7004FE18A /* Release */ = {
			isa = XCBuildConfiguration;
			buildSettings = {
				ALWAYS_EMBED_SWIFT_STANDARD_LIBRARIES = YES;
				BUNDLE_LOADER = "$(TEST_HOST)";
				CODE_SIGN_STYLE = Automatic;
				INFOPLIST_FILE = "I Am PoorTests/Info.plist";
				IPHONEOS_DEPLOYMENT_TARGET = 14.4;
				LD_RUNPATH_SEARCH_PATHS = (
					"$(inherited)",
					"@executable_path/Frameworks",
					"@loader_path/Frameworks",
				);
				PRODUCT_BUNDLE_IDENTIFIER = "com.amer.I-Am-PoorTests";
				PRODUCT_NAME = "$(TARGET_NAME)";
				SWIFT_VERSION = 5.0;
				TARGETED_DEVICE_FAMILY = "1,2";
				TEST_HOST = "$(BUILT_PRODUCTS_DIR)/I Am Poor.app/I Am Poor";
			};
			name = Release;
		};
		F051E6AF26263CD7004FE18A /* Debug */ = {
			isa = XCBuildConfiguration;
			buildSettings = {
				ALWAYS_EMBED_SWIFT_STANDARD_LIBRARIES = YES;
				CODE_SIGN_STYLE = Automatic;
				INFOPLIST_FILE = "I Am PoorUITests/Info.plist";
				LD_RUNPATH_SEARCH_PATHS = (
					"$(inherited)",
					"@executable_path/Frameworks",
					"@loader_path/Frameworks",
				);
				PRODUCT_BUNDLE_IDENTIFIER = "com.amer.I-Am-PoorUITests";
				PRODUCT_NAME = "$(TARGET_NAME)";
				SWIFT_VERSION = 5.0;
				TARGETED_DEVICE_FAMILY = "1,2";
				TEST_TARGET_NAME = "I Am Poor";
			};
			name = Debug;
		};
		F051E6B026263CD7004FE18A /* Release */ = {
			isa = XCBuildConfiguration;
			buildSettings = {
				ALWAYS_EMBED_SWIFT_STANDARD_LIBRARIES = YES;
				CODE_SIGN_STYLE = Automatic;
				INFOPLIST_FILE = "I Am PoorUITests/Info.plist";
				LD_RUNPATH_SEARCH_PATHS = (
					"$(inherited)",
					"@executable_path/Frameworks",
					"@loader_path/Frameworks",
				);
				PRODUCT_BUNDLE_IDENTIFIER = "com.amer.I-Am-PoorUITests";
				PRODUCT_NAME = "$(TARGET_NAME)";
				SWIFT_VERSION = 5.0;
				TARGETED_DEVICE_FAMILY = "1,2";
				TEST_TARGET_NAME = "I Am Poor";
			};
			name = Release;
		};
/* End XCBuildConfiguration section */

/* Begin XCConfigurationList section */
		F051E67926263CD6004FE18A /* Build configuration list for PBXProject "I Am Poor" */ = {
			isa = XCConfigurationList;
			buildConfigurations = (
				F051E6A626263CD7004FE18A /* Debug */,
				F051E6A726263CD7004FE18A /* Release */,
			);
			defaultConfigurationIsVisible = 0;
			defaultConfigurationName = Release;
		};
		F051E6A826263CD7004FE18A /* Build configuration list for PBXNativeTarget "I Am Poor" */ = {
			isa = XCConfigurationList;
			buildConfigurations = (
				F051E6A926263CD7004FE18A /* Debug */,
				F051E6AA26263CD7004FE18A /* Release */,
			);
			defaultConfigurationIsVisible = 0;
			defaultConfigurationName = Release;
		};
		F051E6AB26263CD7004FE18A /* Build configuration list for PBXNativeTarget "I Am PoorTests" */ = {
			isa = XCConfigurationList;
			buildConfigurations = (
				F051E6AC26263CD7004FE18A /* Debug */,
				F051E6AD26263CD7004FE18A /* Release */,
			);
			defaultConfigurationIsVisible = 0;
			defaultConfigurationName = Release;
		};
		F051E6AE26263CD7004FE18A /* Build configuration list for PBXNativeTarget "I Am PoorUITests" */ = {
			isa = XCConfigurationList;
			buildConfigurations = (
				F051E6AF26263CD7004FE18A /* Debug */,
				F051E6B026263CD7004FE18A /* Release */,
			);
			defaultConfigurationIsVisible = 0;
			defaultConfigurationName = Release;
		};
/* End XCConfigurationList section */
	};
	rootObject = F051E67626263CD6004FE18A /* Project object */;
}
